
Microsoft Visual Studio Solution File, Format Version 12.00
# Visual Studio 2013
VisualStudioVersion = 12.0.21005.1
MinimumVisualStudioVersion = 10.0.40219.1
Project("{F2A71F9B-5D33-465A-A702-920D77279786}") = "Test.GPUTypes", "Test.GPUTypes\Test.GPUTypes.fsproj", "{FD316A6E-1B08-4A7A-9019-EFF2BDAFADAD}"
EndProject
Project("{F2A71F9B-5D33-465A-A702-920D77279786}") = "Test.GPUTypes.Data.Base", "Test.GPUTypes.Data.Base\Test.GPUTypes.Data.Base.fsproj", "{CF06B93F-392A-44DA-BF74-4BE589EE7D82}"
EndProject
Project("{F2A71F9B-5D33-465A-A702-920D77279786}") = "Test.GPUTypes.Data.Derived", "Test.GPUTypes.Data.Derived\Test.GPUTypes.Data.Derived.fsproj", "{48D6D50A-95A4-4840-9FFC-17B902C68140}"
EndProject
Project("{F2A71F9B-5D33-465A-A702-920D77279786}") = "Test.GPUTypes.Data.Helper", "Test.GPUTypes.Data.Helper\Test.GPUTypes.Data.Helper.fsproj", "{C935E87A-A5AF-42F1-B62A-74E094E1123B}"
EndProject
Project("{2150E333-8FDC-42A3-9474-1A3956D46DE8}") = ".nuget", ".nuget", "{F8945FEE-B072-436C-BED6-B0B93F84A377}"
	ProjectSection(SolutionItems) = preProject
		.nuget\NuGet.Config = .nuget\NuGet.Config
		.nuget\NuGet.exe = .nuget\NuGet.exe
		.nuget\NuGet.targets = .nuget\NuGet.targets
	EndProjectSection
EndProject
Global
	GlobalSection(SolutionConfigurationPlatforms) = preSolution
		Debug|Any CPU = Debug|Any CPU
		Release|Any CPU = Release|Any CPU
	EndGlobalSection
	GlobalSection(ProjectConfigurationPlatforms) = postSolution
		{FD316A6E-1B08-4A7A-9019-EFF2BDAFADAD}.Debug|Any CPU.ActiveCfg = Debug|Any CPU
		{FD316A6E-1B08-4A7A-9019-EFF2BDAFADAD}.Debug|Any CPU.Build.0 = Debug|Any CPU
		{FD316A6E-1B08-4A7A-9019-EFF2BDAFADAD}.Release|Any CPU.ActiveCfg = Release|Any CPU
		{FD316A6E-1B08-4A7A-9019-EFF2BDAFADAD}.Release|Any CPU.Build.0 = Release|Any CPU
		{CF06B93F-392A-44DA-BF74-4BE589EE7D82}.Debug|Any CPU.ActiveCfg = Debug|Any CPU
		{CF06B93F-392A-44DA-BF74-4BE589EE7D82}.Debug|Any CPU.Build.0 = Debug|Any CPU
		{CF06B93F-392A-44DA-BF74-4BE589EE7D82}.Release|Any CPU.ActiveCfg = Release|Any CPU
		{CF06B93F-392A-44DA-BF74-4BE589EE7D82}.Release|Any CPU.Build.0 = Release|Any CPU
		{48D6D50A-95A4-4840-9FFC-17B902C68140}.Debug|Any CPU.ActiveCfg = Debug|Any CPU
		{48D6D50A-95A4-4840-9FFC-17B902C68140}.Debug|Any CPU.Build.0 = Debug|Any CPU
		{48D6D50A-95A4-4840-9FFC-17B902C68140}.Release|Any CPU.ActiveCfg = Release|Any CPU
		{48D6D50A-95A4-4840-9FFC-17B902C68140}.Release|Any CPU.Build.0 = Release|Any CPU
		{C935E87A-A5AF-42F1-B62A-74E094E1123B}.Debug|Any CPU.ActiveCfg = Debug|Any CPU
		{C935E87A-A5AF-42F1-B62A-74E094E1123B}.Debug|Any CPU.Build.0 = Debug|Any CPU
		{C935E87A-A5AF-42F1-B62A-74E094E1123B}.Release|Any CPU.ActiveCfg = Release|Any CPU
		{C935E87A-A5AF-42F1-B62A-74E094E1123B}.Release|Any CPU.Build.0 = Release|Any CPU
	EndGlobalSection
	GlobalSection(SolutionProperties) = preSolution
		HideSolutionNode = FALSE
	EndGlobalSection
EndGlobal
